
Microsoft Visual Studio Solution File, Format Version 12.00
# Visual Studio Version 17
VisualStudioVersion = 17.5.33627.172
MinimumVisualStudioVersion = 10.0.40219.1
Project("{FAE04EC0-301F-11D3-BF4B-00C04F79EFBC}") = "Data", "Data\Data.csproj", "{1DEE77EC-30EB-471A-9601-35FD1E50D0E2}"
EndProject
Project("{FAE04EC0-301F-11D3-BF4B-00C04F79EFBC}") = "Services", "Services\Services.csproj", "{4F9A25A8-CEC7-4E9D-BB8F-96E174CE16D9}"
EndProject
Project("{FAE04EC0-301F-11D3-BF4B-00C04F79EFBC}") = "Messaging", "Messaging\Messaging.csproj", "{5AF739DE-AFA3-4F59-9666-5B75A978BB55}"
EndProject
Project("{FAE04EC0-301F-11D3-BF4B-00C04F79EFBC}") = "Repository", "Repository\Repository.csproj", "{87F1A648-E8FE-42D5-BBC9-9322B16CB1DA}"
EndProject
Project("{FAE04EC0-301F-11D3-BF4B-00C04F79EFBC}") = "WebApp", "WebApp\WebApp.csproj", "{A1B23625-DCC7-4090-8EED-EA4B807C8303}"
EndProject
Global
	GlobalSection(SolutionConfigurationPlatforms) = preSolution
		Debug|Any CPU = Debug|Any CPU
		Release|Any CPU = Release|Any CPU
	EndGlobalSection
	GlobalSection(ProjectConfigurationPlatforms) = postSolution
		{1DEE77EC-30EB-471A-9601-35FD1E50D0E2}.Debug|Any CPU.ActiveCfg = Debug|Any CPU
		{1DEE77EC-30EB-471A-9601-35FD1E50D0E2}.Debug|Any CPU.Build.0 = Debug|Any CPU
		{1DEE77EC-30EB-471A-9601-35FD1E50D0E2}.Release|Any CPU.ActiveCfg = Release|Any CPU
		{1DEE77EC-30EB-471A-9601-35FD1E50D0E2}.Release|Any CPU.Build.0 = Release|Any CPU
		{4F9A25A8-CEC7-4E9D-BB8F-96E174CE16D9}.Debug|Any CPU.ActiveCfg = Debug|Any CPU
		{4F9A25A8-CEC7-4E9D-BB8F-96E174CE16D9}.Debug|Any CPU.Build.0 = Debug|Any CPU
		{4F9A25A8-CEC7-4E9D-BB8F-96E174CE16D9}.Release|Any CPU.ActiveCfg = Release|Any CPU
		{4F9A25A8-CEC7-4E9D-BB8F-96E174CE16D9}.Release|Any CPU.Build.0 = Release|Any CPU
		{5AF739DE-AFA3-4F59-9666-5B75A978BB55}.Debug|Any CPU.ActiveCfg = Debug|Any CPU
		{5AF739DE-AFA3-4F59-9666-5B75A978BB55}.Debug|Any CPU.Build.0 = Debug|Any CPU
		{5AF739DE-AFA3-4F59-9666-5B75A978BB55}.Release|Any CPU.ActiveCfg = Release|Any CPU
		{5AF739DE-AFA3-4F59-9666-5B75A978BB55}.Release|Any CPU.Build.0 = Release|Any CPU
		{87F1A648-E8FE-42D5-BBC9-9322B16CB1DA}.Debug|Any CPU.ActiveCfg = Debug|Any CPU
		{87F1A648-E8FE-42D5-BBC9-9322B16CB1DA}.Debug|Any CPU.Build.0 = Debug|Any CPU
		{87F1A648-E8FE-42D5-BBC9-9322B16CB1DA}.Release|Any CPU.ActiveCfg = Release|Any CPU
		{87F1A648-E8FE-42D5-BBC9-9322B16CB1DA}.Release|Any CPU.Build.0 = Release|Any CPU
		{A1B23625-DCC7-4090-8EED-EA4B807C8303}.Debug|Any CPU.ActiveCfg = Debug|Any CPU
		{A1B23625-DCC7-4090-8EED-EA4B807C8303}.Debug|Any CPU.Build.0 = Debug|Any CPU
		{A1B23625-DCC7-4090-8EED-EA4B807C8303}.Release|Any CPU.ActiveCfg = Release|Any CPU
		{A1B23625-DCC7-4090-8EED-EA4B807C8303}.Release|Any CPU.Build.0 = Release|Any CPU
	EndGlobalSection
	GlobalSection(SolutionProperties) = preSolution
		HideSolutionNode = FALSE
	EndGlobalSection
	GlobalSection(ExtensibilityGlobals) = postSolution
		SolutionGuid = {22978384-D399-402B-B8C9-DB340DE06514}
	EndGlobalSection
EndGlobal
